
Microsoft Visual Studio Solution File, Format Version 12.00
# Visual Studio Version 17
VisualStudioVersion = 17.14.36705.20
MinimumVisualStudioVersion = 10.0.40219.1
Project("{FAE04EC0-301F-11D3-BF4B-00C04F79EFBC}") = "BackendAPI", "BackendAPI\BackendAPI\BackendAPI.csproj", "{FC73ED09-5091-661E-3D02-1480849A9119}"
EndProject
Project("{E24C65DC-7377-472B-9ABA-BC803B73C61A}") = "FrontendIT", "FrontendIT\FrontendIT\", "{2C4779C6-FBDC-AB04-0459-4E45DCD03A94}"
	ProjectSection(WebsiteProperties) = preProject
		TargetFrameworkMoniker = ".NETFramework,Version%3Dv4.0"
		Debug.AspNetCompiler.VirtualPath = "/localhost_61834"
		Debug.AspNetCompiler.PhysicalPath = "FrontendIT\FrontendIT\"
		Debug.AspNetCompiler.TargetPath = "PrecompiledWeb\localhost_61834\"
		Debug.AspNetCompiler.Updateable = "true"
		Debug.AspNetCompiler.ForceOverwrite = "true"
		Debug.AspNetCompiler.FixedNames = "false"
		Debug.AspNetCompiler.Debug = "True"
		Release.AspNetCompiler.VirtualPath = "/localhost_61834"
		Release.AspNetCompiler.PhysicalPath = "FrontendIT\FrontendIT\"
		Release.AspNetCompiler.TargetPath = "PrecompiledWeb\localhost_61834\"
		Release.AspNetCompiler.Updateable = "true"
		Release.AspNetCompiler.ForceOverwrite = "true"
		Release.AspNetCompiler.FixedNames = "false"
		Release.AspNetCompiler.Debug = "False"
		VWDPort = "61834"
		SlnRelativePath = "FrontendIT\FrontendIT\"
	EndProjectSection
EndProject
Global
	GlobalSection(SolutionConfigurationPlatforms) = preSolution
		Debug|Any CPU = Debug|Any CPU
		Release|Any CPU = Release|Any CPU
	EndGlobalSection
	GlobalSection(ProjectConfigurationPlatforms) = postSolution
		{FC73ED09-5091-661E-3D02-1480849A9119}.Debug|Any CPU.ActiveCfg = Debug|Any CPU
		{FC73ED09-5091-661E-3D02-1480849A9119}.Debug|Any CPU.Build.0 = Debug|Any CPU
		{FC73ED09-5091-661E-3D02-1480849A9119}.Release|Any CPU.ActiveCfg = Release|Any CPU
		{FC73ED09-5091-661E-3D02-1480849A9119}.Release|Any CPU.Build.0 = Release|Any CPU
		{2C4779C6-FBDC-AB04-0459-4E45DCD03A94}.Debug|Any CPU.ActiveCfg = Debug|Any CPU
		{2C4779C6-FBDC-AB04-0459-4E45DCD03A94}.Debug|Any CPU.Build.0 = Debug|Any CPU
		{2C4779C6-FBDC-AB04-0459-4E45DCD03A94}.Release|Any CPU.ActiveCfg = Debug|Any CPU
		{2C4779C6-FBDC-AB04-0459-4E45DCD03A94}.Release|Any CPU.Build.0 = Debug|Any CPU
	EndGlobalSection
	GlobalSection(SolutionProperties) = preSolution
		HideSolutionNode = FALSE
	EndGlobalSection
	GlobalSection(ExtensibilityGlobals) = postSolution
		SolutionGuid = {4F846934-6F6A-48D5-868D-0980964D7183}
	EndGlobalSection
EndGlobal
